
Microsoft Visual Studio Solution File, Format Version 12.00
# Visual Studio Version 17
VisualStudioVersion = 17.11.35327.3
MinimumVisualStudioVersion = 10.0.40219.1
Project("{FAE04EC0-301F-11D3-BF4B-00C04F79EFBC}") = "BookingAppointment", "BookingAppointment.csproj", "{D6B9DB0D-7F7C-4A26-8486-AFC7FEB509DA}"
EndProject
Global
	GlobalSection(SolutionConfigurationPlatforms) = preSolution
		Debug|Any CPU = Debug|Any CPU
		Release|Any CPU = Release|Any CPU
	EndGlobalSection
	GlobalSection(ProjectConfigurationPlatforms) = postSolution
		{D6B9DB0D-7F7C-4A26-8486-AFC7FEB509DA}.Debug|Any CPU.ActiveCfg = Debug|Any CPU
		{D6B9DB0D-7F7C-4A26-8486-AFC7FEB509DA}.Debug|Any CPU.Build.0 = Debug|Any CPU
		{D6B9DB0D-7F7C-4A26-8486-AFC7FEB509DA}.Release|Any CPU.ActiveCfg = Release|Any CPU
		{D6B9DB0D-7F7C-4A26-8486-AFC7FEB509DA}.Release|Any CPU.Build.0 = Release|Any CPU
	EndGlobalSection
	GlobalSection(SolutionProperties) = preSolution
		HideSolutionNode = FALSE
	EndGlobalSection
	GlobalSection(ExtensibilityGlobals) = postSolution
		SolutionGuid = {8D39CB2F-ADE9-4999-8C1A-2CB48EFB5259}
	EndGlobalSection
EndGlobal
